{
  "name": "booking-server",
  "version": "1.0.0",
  "lockfileVersion": 3,
  "requires": true,
  "packages": {
    "": {
      "name": "booking-server",
      "version": "1.0.0",
      "type": "module",
      "dependencies": {
        "node-fetch": "^3.3.2",
        "googleapis": "^115.0.0",
        "firebase-admin": "^11.11.0",
        "node-ical": "^0.15.0"
      }
    },
    "node_modules/node-ical": {
      "version": "0.15.0",
      "resolved": "https://registry.npmjs.org/node-ical/-/node-ical-0.15.0.tgz",
      "integrity": "sha512-+UoRkOQayFf5G1GZL8H8i5yLqp3pJY9FSZyZfGgHT9p2pLtFB6jN3nqURuXwY0mjCV7I7z3+lyxzvPM5l5kH7A==",
      "dependencies": {}
    },
    "node_modules/googleapis": {
      "version": "115.0.0",
      "resolved": "https://registry.npmjs.org/googleapis/-/googleapis-115.0.0.tgz",
      "integrity": "sha512-X+e5nknFQdj/y+4dYdYhYzH5kYlq0H0+2v++q7vV8ZrF9+K8d7FRCxJ6tHvlD5E7wKjXY8IF7XlJkvl6rnG1kA==",
      "dependencies": {}
    },
    "node_modules/node-fetch": {
      "version": "3.3.2",
      "resolved": "https://registry.npmjs.org/node-fetch/-/node-fetch-3.3.2.tgz",
      "integrity": "sha512-xX+wN/e9QcGp8H1o/hj+0pE3CzG7ry+o8m8y4gFk1B5qg3BRP2N8LxCQr2h8Zq6eVj0B+7pEvWyAQoQ6Xy2+pw==",
      "dependencies": {}
    },
    "node_modules/firebase-admin": {
      "version": "11.11.0",
      "resolved": "https://registry.npmjs.org/firebase-admin/-/firebase-admin-11.11.0.tgz",
      "integrity": "sha512-pBu7Kn5kx+JHk3g0eJTPu08XwAedH2dM6gYbVvVxHgRCGx9Gq8WJ7IGh4UwL6x+Erv2r0cL/3nJrKw+r3gYhDA==",
      "dependencies": {}
    }
  }
}
